// !$*UTF8*$!
{
	archiveVersion = 1;
	classes = {
	};
	objectVersion = 56;
	objects = {

/* Begin PBXBuildFile section */
		D03DF3722B83BDA800C6DB8D /* RealityKitContent in Frameworks */ = {isa = PBXBuildFile; productRef = D03DF3712B83BDA800C6DB8D /* RealityKitContent */; };
		D03DF3742B83BDA800C6DB8D /* SkyVisionApp.swift in Sources */ = {isa = PBXBuildFile; fileRef = D03DF3732B83BDA800C6DB8D /* SkyVisionApp.swift */; };
		D03DF3762B83BDA800C6DB8D /* ContentView.swift in Sources */ = {isa = PBXBuildFile; fileRef = D03DF3752B83BDA800C6DB8D /* ContentView.swift */; };
		D03DF3782B83BDA900C6DB8D /* Assets.xcassets in Resources */ = {isa = PBXBuildFile; fileRef = D03DF3772B83BDA900C6DB8D /* Assets.xcassets */; };
		D03DF37B2B83BDA900C6DB8D /* Preview Assets.xcassets in Resources */ = {isa = PBXBuildFile; fileRef = D03DF37A2B83BDA900C6DB8D /* Preview Assets.xcassets */; };
		D083773E2B841C050093A57B /* WKView in Frameworks */ = {isa = PBXBuildFile; productRef = D083773D2B841C050093A57B /* WKView */; };
		D08377402B841F1F0093A57B /* WebView.swift in Sources */ = {isa = PBXBuildFile; fileRef = D083773F2B841F1F0093A57B /* WebView.swift */; };
		D08377422B841F4B0093A57B /* WebViewModel.swift in Sources */ = {isa = PBXBuildFile; fileRef = D08377412B841F4B0093A57B /* WebViewModel.swift */; };
/* End PBXBuildFile section */

/* Begin PBXFileReference section */
		D03DF36C2B83BDA800C6DB8D /* SkyVision.app */ = {isa = PBXFileReference; explicitFileType = wrapper.application; includeInIndex = 0; path = SkyVision.app; sourceTree = BUILT_PRODUCTS_DIR; };
		D03DF3702B83BDA800C6DB8D /* RealityKitContent */ = {isa = PBXFileReference; lastKnownFileType = wrapper; path = RealityKitContent; sourceTree = "<group>"; };
		D03DF3732B83BDA800C6DB8D /* SkyVisionApp.swift */ = {isa = PBXFileReference; lastKnownFileType = sourcecode.swift; path = SkyVisionApp.swift; sourceTree = "<group>"; };
		D03DF3752B83BDA800C6DB8D /* ContentView.swift */ = {isa = PBXFileReference; lastKnownFileType = sourcecode.swift; path = ContentView.swift; sourceTree = "<group>"; };
		D03DF3772B83BDA900C6DB8D /* Assets.xcassets */ = {isa = PBXFileReference; lastKnownFileType = folder.assetcatalog; path = Assets.xcassets; sourceTree = "<group>"; };
		D03DF37A2B83BDA900C6DB8D /* Preview Assets.xcassets */ = {isa = PBXFileReference; lastKnownFileType = folder.assetcatalog; path = "Preview Assets.xcassets"; sourceTree = "<group>"; };
		D03DF37C2B83BDA900C6DB8D /* Info.plist */ = {isa = PBXFileReference; lastKnownFileType = text.plist.xml; path = Info.plist; sourceTree = "<group>"; };
		D083773F2B841F1F0093A57B /* WebView.swift */ = {isa = PBXFileReference; lastKnownFileType = sourcecode.swift; path = WebView.swift; sourceTree = "<group>"; };
		D08377412B841F4B0093A57B /* WebViewModel.swift */ = {isa = PBXFileReference; lastKnownFileType = sourcecode.swift; path = WebViewModel.swift; sourceTree = "<group>"; };
		D08377432B845C670093A57B /* SkyVision.entitlements */ = {isa = PBXFileReference; lastKnownFileType = text.plist.entitlements; path = SkyVision.entitlements; sourceTree = "<group>"; };
/* End PBXFileReference section */

/* Begin PBXFrameworksBuildPhase section */
		D03DF3692B83BDA800C6DB8D /* Frameworks */ = {
			isa = PBXFrameworksBuildPhase;
			buildActionMask = 2147483647;
			files = (
				D03DF3722B83BDA800C6DB8D /* RealityKitContent in Frameworks */,
				D083773E2B841C050093A57B /* WKView in Frameworks */,
			);
			runOnlyForDeploymentPostprocessing = 0;
		};
/* End PBXFrameworksBuildPhase section */

/* Begin PBXGroup section */
		D03DF3632B83BDA800C6DB8D = {
			isa = PBXGroup;
			children = (
				D03DF36E2B83BDA800C6DB8D /* SkyVision */,
				D03DF36F2B83BDA800C6DB8D /* Packages */,
				D03DF36D2B83BDA800C6DB8D /* Products */,
			);
			sourceTree = "<group>";
		};
		D03DF36D2B83BDA800C6DB8D /* Products */ = {
			isa = PBXGroup;
			children = (
				D03DF36C2B83BDA800C6DB8D /* SkyVision.app */,
			);
			name = Products;
			sourceTree = "<group>";
		};
		D03DF36E2B83BDA800C6DB8D /* SkyVision */ = {
			isa = PBXGroup;
			children = (
				D08377432B845C670093A57B /* SkyVision.entitlements */,
				D03DF3732B83BDA800C6DB8D /* SkyVisionApp.swift */,
				D03DF3752B83BDA800C6DB8D /* ContentView.swift */,
				D083773F2B841F1F0093A57B /* WebView.swift */,
				D08377412B841F4B0093A57B /* WebViewModel.swift */,
				D03DF3772B83BDA900C6DB8D /* Assets.xcassets */,
				D03DF37C2B83BDA900C6DB8D /* Info.plist */,
				D03DF3792B83BDA900C6DB8D /* Preview Content */,
			);
			path = SkyVision;
			sourceTree = "<group>";
		};
		D03DF36F2B83BDA800C6DB8D /* Packages */ = {
			isa = PBXGroup;
			children = (
				D03DF3702B83BDA800C6DB8D /* RealityKitContent */,
			);
			path = Packages;
			sourceTree = "<group>";
		};
		D03DF3792B83BDA900C6DB8D /* Preview Content */ = {
			isa = PBXGroup;
			children = (
				D03DF37A2B83BDA900C6DB8D /* Preview Assets.xcassets */,
			);
			path = "Preview Content";
			sourceTree = "<group>";
		};
/* End PBXGroup section */

/* Begin PBXNativeTarget section */
		D03DF36B2B83BDA800C6DB8D /* SkyVision */ = {
			isa = PBXNativeTarget;
			buildConfigurationList = D03DF37F2B83BDA900C6DB8D /* Build configuration list for PBXNativeTarget "SkyVision" */;
			buildPhases = (
				D03DF3682B83BDA800C6DB8D /* Sources */,
				D03DF3692B83BDA800C6DB8D /* Frameworks */,
				D03DF36A2B83BDA800C6DB8D /* Resources */,
			);
			buildRules = (
			);
			dependencies = (
			);
			name = SkyVision;
			packageProductDependencies = (
				D03DF3712B83BDA800C6DB8D /* RealityKitContent */,
				D083773D2B841C050093A57B /* WKView */,
			);
			productName = SkyVision;
			productReference = D03DF36C2B83BDA800C6DB8D /* SkyVision.app */;
			productType = "com.apple.product-type.application";
		};
/* End PBXNativeTarget section */

/* Begin PBXProject section */
		D03DF3642B83BDA800C6DB8D /* Project object */ = {
			isa = PBXProject;
			attributes = {
				BuildIndependentTargetsInParallel = 1;
				LastSwiftUpdateCheck = 1520;
				LastUpgradeCheck = 1520;
				TargetAttributes = {
					D03DF36B2B83BDA800C6DB8D = {
						CreatedOnToolsVersion = 15.2;
					};
				};
			};
			buildConfigurationList = D03DF3672B83BDA800C6DB8D /* Build configuration list for PBXProject "SkyVision" */;
			compatibilityVersion = "Xcode 14.0";
			developmentRegion = en;
			hasScannedForEncodings = 0;
			knownRegions = (
				en,
				Base,
			);
			mainGroup = D03DF3632B83BDA800C6DB8D;
			packageReferences = (
				D083773C2B841C050093A57B /* XCRemoteSwiftPackageReference "WKView" */,
			);
			productRefGroup = D03DF36D2B83BDA800C6DB8D /* Products */;
			projectDirPath = "";
			projectRoot = "";
			targets = (
				D03DF36B2B83BDA800C6DB8D /* SkyVision */,
			);
		};
/* End PBXProject section */

/* Begin PBXResourcesBuildPhase section */
		D03DF36A2B83BDA800C6DB8D /* Resources */ = {
			isa = PBXResourcesBuildPhase;
			buildActionMask = 2147483647;
			files = (
				D03DF37B2B83BDA900C6DB8D /* Preview Assets.xcassets in Resources */,
				D03DF3782B83BDA900C6DB8D /* Assets.xcassets in Resources */,
			);
			runOnlyForDeploymentPostprocessing = 0;
		};
/* End PBXResourcesBuildPhase section */

/* Begin PBXSourcesBuildPhase section */
		D03DF3682B83BDA800C6DB8D /* Sources */ = {
			isa = PBXSourcesBuildPhase;
			buildActionMask = 2147483647;
			files = (
				D08377402B841F1F0093A57B /* WebView.swift in Sources */,
				D08377422B841F4B0093A57B /* WebViewModel.swift in Sources */,
				D03DF3762B83BDA800C6DB8D /* ContentView.swift in Sources */,
				D03DF3742B83BDA800C6DB8D /* SkyVisionApp.swift in Sources */,
			);
			runOnlyForDeploymentPostprocessing = 0;
		};
/* End PBXSourcesBuildPhase section */

/* Begin XCBuildConfiguration section */
		D03DF37D2B83BDA900C6DB8D /* Debug */ = {
			isa = XCBuildConfiguration;
			buildSettings = {
				ALWAYS_SEARCH_USER_PATHS = NO;
				ASSETCATALOG_COMPILER_GENERATE_SWIFT_ASSET_SYMBOL_EXTENSIONS = YES;
				CLANG_ANALYZER_NONNULL = YES;
				CLANG_ANALYZER_NUMBER_OBJECT_CONVERSION = YES_AGGRESSIVE;
				CLANG_CXX_LANGUAGE_STANDARD = "gnu++20";
				CLANG_ENABLE_MODULES = YES;
				CLANG_ENABLE_OBJC_ARC = YES;
				CLANG_ENABLE_OBJC_WEAK = YES;
				CLANG_WARN_BLOCK_CAPTURE_AUTORELEASING = YES;
				CLANG_WARN_BOOL_CONVERSION = YES;
				CLANG_WARN_COMMA = YES;
				CLANG_WARN_CONSTANT_CONVERSION = YES;
				CLANG_WARN_DEPRECATED_OBJC_IMPLEMENTATIONS = YES;
				CLANG_WARN_DIRECT_OBJC_ISA_USAGE = YES_ERROR;
				CLANG_WARN_DOCUMENTATION_COMMENTS = YES;
				CLANG_WARN_EMPTY_BODY = YES;
				CLANG_WARN_ENUM_CONVERSION = YES;
				CLANG_WARN_INFINITE_RECURSION = YES;
				CLANG_WARN_INT_CONVERSION = YES;
				CLANG_WARN_NON_LITERAL_NULL_CONVERSION = YES;
				CLANG_WARN_OBJC_IMPLICIT_RETAIN_SELF = YES;
				CLANG_WARN_OBJC_LITERAL_CONVERSION = YES;
				CLANG_WARN_OBJC_ROOT_CLASS = YES_ERROR;
				CLANG_WARN_QUOTED_INCLUDE_IN_FRAMEWORK_HEADER = YES;
				CLANG_WARN_RANGE_LOOP_ANALYSIS = YES;
				CLANG_WARN_STRICT_PROTOTYPES = YES;
				CLANG_WARN_SUSPICIOUS_MOVE = YES;
				CLANG_WARN_UNGUARDED_AVAILABILITY = YES_AGGRESSIVE;
				CLANG_WARN_UNREACHABLE_CODE = YES;
				CLANG_WARN__DUPLICATE_METHOD_MATCH = YES;
				COPY_PHASE_STRIP = NO;
				DEBUG_INFORMATION_FORMAT = dwarf;
				ENABLE_STRICT_OBJC_MSGSEND = YES;
				ENABLE_TESTABILITY = YES;
				ENABLE_USER_SCRIPT_SANDBOXING = YES;
				GCC_C_LANGUAGE_STANDARD = gnu17;
				GCC_DYNAMIC_NO_PIC = NO;
				GCC_NO_COMMON_BLOCKS = YES;
				GCC_OPTIMIZATION_LEVEL = 0;
				GCC_PREPROCESSOR_DEFINITIONS = (
					"DEBUG=1",
					"$(inherited)",
				);
				GCC_WARN_64_TO_32_BIT_CONVERSION = YES;
				GCC_WARN_ABOUT_RETURN_TYPE = YES_ERROR;
				GCC_WARN_UNDECLARED_SELECTOR = YES;
				GCC_WARN_UNINITIALIZED_AUTOS = YES_AGGRESSIVE;
				GCC_WARN_UNUSED_FUNCTION = YES;
				GCC_WARN_UNUSED_VARIABLE = YES;
				LOCALIZATION_PREFERS_STRING_CATALOGS = YES;
				MTL_ENABLE_DEBUG_INFO = INCLUDE_SOURCE;
				MTL_FAST_MATH = YES;
				ONLY_ACTIVE_ARCH = YES;
				SDKROOT = xros;
				SWIFT_ACTIVE_COMPILATION_CONDITIONS = "DEBUG $(inherited)";
				SWIFT_OPTIMIZATION_LEVEL = "-Onone";
				XROS_DEPLOYMENT_TARGET = 1.0;
			};
			name = Debug;
		};
		D03DF37E2B83BDA900C6DB8D /* Release */ = {
			isa = XCBuildConfiguration;
			buildSettings = {
				ALWAYS_SEARCH_USER_PATHS = NO;
				ASSETCATALOG_COMPILER_GENERATE_SWIFT_ASSET_SYMBOL_EXTENSIONS = YES;
				CLANG_ANALYZER_NONNULL = YES;
				CLANG_ANALYZER_NUMBER_OBJECT_CONVERSION = YES_AGGRESSIVE;
				CLANG_CXX_LANGUAGE_STANDARD = "gnu++20";
				CLANG_ENABLE_MODULES = YES;
				CLANG_ENABLE_OBJC_ARC = YES;
				CLANG_ENABLE_OBJC_WEAK = YES;
				CLANG_WARN_BLOCK_CAPTURE_AUTORELEASING = YES;
				CLANG_WARN_BOOL_CONVERSION = YES;
				CLANG_WARN_COMMA = YES;
				CLANG_WARN_CONSTANT_CONVERSION = YES;
				CLANG_WARN_DEPRECATED_OBJC_IMPLEMENTATIONS = YES;
				CLANG_WARN_DIRECT_OBJC_ISA_USAGE = YES_ERROR;
				CLANG_WARN_DOCUMENTATION_COMMENTS = YES;
				CLANG_WARN_EMPTY_BODY = YES;
				CLANG_WARN_ENUM_CONVERSION = YES;
				CLANG_WARN_INFINITE_RECURSION = YES;
				CLANG_WARN_INT_CONVERSION = YES;
				CLANG_WARN_NON_LITERAL_NULL_CONVERSION = YES;
				CLANG_WARN_OBJC_IMPLICIT_RETAIN_SELF = YES;
				CLANG_WARN_OBJC_LITERAL_CONVERSION = YES;
				CLANG_WARN_OBJC_ROOT_CLASS = YES_ERROR;
				CLANG_WARN_QUOTED_INCLUDE_IN_FRAMEWORK_HEADER = YES;
				CLANG_WARN_RANGE_LOOP_ANALYSIS = YES;
				CLANG_WARN_STRICT_PROTOTYPES = YES;
				CLANG_WARN_SUSPICIOUS_MOVE = YES;
				CLANG_WARN_UNGUARDED_AVAILABILITY = YES_AGGRESSIVE;
				CLANG_WARN_UNREACHABLE_CODE = YES;
				CLANG_WARN__DUPLICATE_METHOD_MATCH = YES;
				COPY_PHASE_STRIP = NO;
				DEBUG_INFORMATION_FORMAT = "dwarf-with-dsym";
				ENABLE_NS_ASSERTIONS = NO;
				ENABLE_STRICT_OBJC_MSGSEND = YES;
				ENABLE_USER_SCRIPT_SANDBOXING = YES;
				GCC_C_LANGUAGE_STANDARD = gnu17;
				GCC_NO_COMMON_BLOCKS = YES;
				GCC_WARN_64_TO_32_BIT_CONVERSION = YES;
				GCC_WARN_ABOUT_RETURN_TYPE = YES_ERROR;
				GCC_WARN_UNDECLARED_SELECTOR = YES;
				GCC_WARN_UNINITIALIZED_AUTOS = YES_AGGRESSIVE;
				GCC_WARN_UNUSED_FUNCTION = YES;
				GCC_WARN_UNUSED_VARIABLE = YES;
				LOCALIZATION_PREFERS_STRING_CATALOGS = YES;
				MTL_ENABLE_DEBUG_INFO = NO;
				MTL_FAST_MATH = YES;
				SDKROOT = xros;
				SWIFT_COMPILATION_MODE = wholemodule;
				VALIDATE_PRODUCT = YES;
				XROS_DEPLOYMENT_TARGET = 1.0;
			};
			name = Release;
		};
		D03DF3802B83BDA900C6DB8D /* Debug */ = {
			isa = XCBuildConfiguration;
			buildSettings = {
				ASSETCATALOG_COMPILER_APPICON_NAME = AppIcon;
				ASSETCATALOG_COMPILER_GLOBAL_ACCENT_COLOR_NAME = AccentColor;
				CODE_SIGN_ENTITLEMENTS = SkyVision/SkyVision.entitlements;
				CODE_SIGN_STYLE = Automatic;
				CURRENT_PROJECT_VERSION = 1;
				DEVELOPMENT_ASSET_PATHS = "\"SkyVision/Preview Content\"";
				DEVELOPMENT_TEAM = CYR4HNM5W3;
				ENABLE_PREVIEWS = YES;
				GENERATE_INFOPLIST_FILE = YES;
				INFOPLIST_FILE = "$(TARGET_NAME)/Info.plist";
				LD_RUNPATH_SEARCH_PATHS = (
					"$(inherited)",
					"@executable_path/Frameworks",
				);
				MARKETING_VERSION = 1.0;
				PRODUCT_BUNDLE_IDENTIFIER = com.attractor.SkyVision;
				PRODUCT_NAME = "$(TARGET_NAME)";
				SUPPORTED_PLATFORMS = "xros xrsimulator";
				SWIFT_EMIT_LOC_STRINGS = YES;
				SWIFT_VERSION = 5.0;
				TARGETED_DEVICE_FAMILY = "1,2,7";
			};
			name = Debug;
		};
		D03DF3812B83BDA900C6DB8D /* Release */ = {
			isa = XCBuildConfiguration;
			buildSettings = {
				ASSETCATALOG_COMPILER_APPICON_NAME = AppIcon;
				ASSETCATALOG_COMPILER_GLOBAL_ACCENT_COLOR_NAME = AccentColor;
				CODE_SIGN_ENTITLEMENTS = SkyVision/SkyVision.entitlements;
				CODE_SIGN_STYLE = Automatic;
				CURRENT_PROJECT_VERSION = 1;
				DEVELOPMENT_ASSET_PATHS = "\"SkyVision/Preview Content\"";
				DEVELOPMENT_TEAM = CYR4HNM5W3;
				ENABLE_PREVIEWS = YES;
				GENERATE_INFOPLIST_FILE = YES;
				INFOPLIST_FILE = "$(TARGET_NAME)/Info.plist";
				LD_RUNPATH_SEARCH_PATHS = (
					"$(inherited)",
					"@executable_path/Frameworks",
				);
				MARKETING_VERSION = 1.0;
				PRODUCT_BUNDLE_IDENTIFIER = com.attractor.SkyVision;
				PRODUCT_NAME = "$(TARGET_NAME)";
				SUPPORTED_PLATFORMS = "xros xrsimulator";
				SWIFT_EMIT_LOC_STRINGS = YES;
				SWIFT_VERSION = 5.0;
				TARGETED_DEVICE_FAMILY = "1,2,7";
			};
			name = Release;
		};
/* End XCBuildConfiguration section */

/* Begin XCConfigurationList section */
		D03DF3672B83BDA800C6DB8D /* Build configuration list for PBXProject "SkyVision" */ = {
			isa = XCConfigurationList;
			buildConfigurations = (
				D03DF37D2B83BDA900C6DB8D /* Debug */,
				D03DF37E2B83BDA900C6DB8D /* Release */,
			);
			defaultConfigurationIsVisible = 0;
			defaultConfigurationName = Release;
		};
		D03DF37F2B83BDA900C6DB8D /* Build configuration list for PBXNativeTarget "SkyVision" */ = {
			isa = XCConfigurationList;
			buildConfigurations = (
				D03DF3802B83BDA900C6DB8D /* Debug */,
				D03DF3812B83BDA900C6DB8D /* Release */,
			);
			defaultConfigurationIsVisible = 0;
			defaultConfigurationName = Release;
		};
/* End XCConfigurationList section */

/* Begin XCRemoteSwiftPackageReference section */
		D083773C2B841C050093A57B /* XCRemoteSwiftPackageReference "WKView" */ = {
			isa = XCRemoteSwiftPackageReference;
			repositoryURL = "https://github.com/rebeloper/WKView.git";
			requirement = {
				kind = upToNextMajorVersion;
				minimumVersion = 0.1.6;
			};
		};
/* End XCRemoteSwiftPackageReference section */

/* Begin XCSwiftPackageProductDependency section */
		D03DF3712B83BDA800C6DB8D /* RealityKitContent */ = {
			isa = XCSwiftPackageProductDependency;
			productName = RealityKitContent;
		};
		D083773D2B841C050093A57B /* WKView */ = {
			isa = XCSwiftPackageProductDependency;
			package = D083773C2B841C050093A57B /* XCRemoteSwiftPackageReference "WKView" */;
			productName = WKView;
		};
/* End XCSwiftPackageProductDependency section */
	};
	rootObject = D03DF3642B83BDA800C6DB8D /* Project object */;
}
